// !$*UTF8*$!
{
	archiveVersion = 1;
	classes = {
	};
	objectVersion = 46;
	objects = {

/* Begin PBXBuildFile section */
		C2F07E991C30753500EA9242 /* main.cpp in Sources */ = {isa = PBXBuildFile; fileRef = C2F07E981C30753500EA9242 /* main.cpp */; };
/* End PBXBuildFile section */

/* Begin PBXCopyFilesBuildPhase section */
		C2F07E931C30753500EA9242 /* CopyFiles */ = {
			isa = PBXCopyFilesBuildPhase;
			buildActionMask = 2147483647;
			dstPath = /usr/share/man/man1/;
			dstSubfolderSpec = 0;
			files = (
			);
			runOnlyForDeploymentPostprocessing = 1;
		};
/* End PBXCopyFilesBuildPhase section */

/* Begin PBXFileReference section */
		C2F07E951C30753500EA9242 /* Valid Anagram */ = {isa = PBXFileReference; explicitFileType = "compiled.mach-o.executable"; includeInIndex = 0; path = "Valid Anagram"; sourceTree = BUILT_PRODUCTS_DIR; };
		C2F07E981C30753500EA9242 /* main.cpp */ = {isa = PBXFileReference; lastKnownFileType = sourcecode.cpp.cpp; path = main.cpp; sourceTree = "<group>"; };
/* End PBXFileReference section */

/* Begin PBXFrameworksBuildPhase section */
		C2F07E921C30753500EA9242 /* Frameworks */ = {
			isa = PBXFrameworksBuildPhase;
			buildActionMask = 2147483647;
			files = (
			);
			runOnlyForDeploymentPostprocessing = 0;
		};
/* End PBXFrameworksBuildPhase section */

/* Begin PBXGroup section */
		C2F07E8C1C30753500EA9242 = {
			isa = PBXGroup;
			children = (
				C2F07E971C30753500EA9242 /* Valid Anagram */,
				C2F07E961C30753500EA9242 /* Products */,
			);
			sourceTree = "<group>";
		};
		C2F07E961C30753500EA9242 /* Products */ = {
			isa = PBXGroup;
			children = (
				C2F07E951C30753500EA9242 /* Valid Anagram */,
			);
			name = Products;
			sourceTree = "<group>";
		};
		C2F07E971C30753500EA9242 /* Valid Anagram */ = {
			isa = PBXGroup;
			children = (
				C2F07E981C30753500EA9242 /* main.cpp */,
			);
			path = "Valid Anagram";
			sourceTree = "<group>";
		};
/* End PBXGroup section */

/* Begin PBXNativeTarget section */
		C2F07E941C30753500EA9242 /* Valid Anagram */ = {
			isa = PBXNativeTarget;
			buildConfigurationList = C2F07E9C1C30753500EA9242 /* Build configuration list for PBXNativeTarget "Valid Anagram" */;
			buildPhases = (
				C2F07E911C30753500EA9242 /* Sources */,
				C2F07E921C30753500EA9242 /* Frameworks */,
				C2F07E931C30753500EA9242 /* CopyFiles */,
			);
			buildRules = (
			);
			dependencies = (
			);
			name = "Valid Anagram";
			productName = "Valid Anagram";
			productReference = C2F07E951C30753500EA9242 /* Valid Anagram */;
			productType = "com.apple.product-type.tool";
		};
/* End PBXNativeTarget section */

/* Begin PBXProject section */
		C2F07E8D1C30753500EA9242 /* Project object */ = {
			isa = PBXProject;
			attributes = {
				LastUpgradeCheck = 0720;
				ORGANIZATIONNAME = "Meilei Jiang";
				TargetAttributes = {
					C2F07E941C30753500EA9242 = {
						CreatedOnToolsVersion = 7.2;
					};
				};
			};
			buildConfigurationList = C2F07E901C30753500EA9242 /* Build configuration list for PBXProject "Valid Anagram" */;
			compatibilityVersion = "Xcode 3.2";
			developmentRegion = English;
			hasScannedForEncodings = 0;
			knownRegions = (
				en,
			);
			mainGroup = C2F07E8C1C30753500EA9242;
			productRefGroup = C2F07E961C30753500EA9242 /* Products */;
			projectDirPath = "";
			projectRoot = "";
			targets = (
				C2F07E941C30753500EA9242 /* Valid Anagram */,
			);
		};
/* End PBXProject section */

/* Begin PBXSourcesBuildPhase section */
		C2F07E911C30753500EA9242 /* Sources */ = {
			isa = PBXSourcesBuildPhase;
			buildActionMask = 2147483647;
			files = (
				C2F07E991C30753500EA9242 /* main.cpp in Sources */,
			);
			runOnlyForDeploymentPostprocessing = 0;
		};
/* End PBXSourcesBuildPhase section */

/* Begin XCBuildConfiguration section */
		C2F07E9A1C30753500EA9242 /* Debug */ = {
			isa = XCBuildConfiguration;
			buildSettings = {
				ALWAYS_SEARCH_USER_PATHS = NO;
				CLANG_CXX_LANGUAGE_STANDARD = "gnu++0x";
				CLANG_CXX_LIBRARY = "libc++";
				CLANG_ENABLE_MODULES = YES;
				CLANG_ENABLE_OBJC_ARC = YES;
				CLANG_WARN_BOOL_CONVERSION = YES;
				CLANG_WARN_CONSTANT_CONVERSION = YES;
				CLANG_WARN_DIRECT_OBJC_ISA_USAGE = YES_ERROR;
				CLANG_WARN_EMPTY_BODY = YES;
				CLANG_WARN_ENUM_CONVERSION = YES;
				CLANG_WARN_INT_CONVERSION = YES;
				CLANG_WARN_OBJC_ROOT_CLASS = YES_ERROR;
				CLANG_WARN_UNREACHABLE_CODE = YES;
				CLANG_WARN__DUPLICATE_METHOD_MATCH = YES;
				CODE_SIGN_IDENTITY = "-";
				COPY_PHASE_STRIP = NO;
				DEBUG_INFORMATION_FORMAT = dwarf;
				ENABLE_STRICT_OBJC_MSGSEND = YES;
				ENABLE_TESTABILITY = YES;
				GCC_C_LANGUAGE_STANDARD = gnu99;
				GCC_DYNAMIC_NO_PIC = NO;
				GCC_NO_COMMON_BLOCKS = YES;
				GCC_OPTIMIZATION_LEVEL = 0;
				GCC_PREPROCESSOR_DEFINITIONS = (
					"DEBUG=1",
					"$(inherited)",
				);
				GCC_WARN_64_TO_32_BIT_CONVERSION = YES;
				GCC_WARN_ABOUT_RETURN_TYPE = YES_ERROR;
				GCC_WARN_UNDECLARED_SELECTOR = YES;
				GCC_WARN_UNINITIALIZED_AUTOS = YES_AGGRESSIVE;
				GCC_WARN_UNUSED_FUNCTION = YES;
				GCC_WARN_UNUSED_VARIABLE = YES;
				MACOSX_DEPLOYMENT_TARGET = 10.10;
				MTL_ENABLE_DEBUG_INFO = YES;
				ONLY_ACTIVE_ARCH = YES;
				SDKROOT = macosx;
			};
			name = Debug;
		};
		C2F07E9B1C30753500EA9242 /* Release */ = {
			isa = XCBuildConfiguration;
			buildSettings = {
				ALWAYS_SEARCH_USER_PATHS = NO;
				CLANG_CXX_LANGUAGE_STANDARD = "gnu++0x";
				CLANG_CXX_LIBRARY = "libc++";
				CLANG_ENABLE_MODULES = YES;
				CLANG_ENABLE_OBJC_ARC = YES;
				CLANG_WARN_BOOL_CONVERSION = YES;
				CLANG_WARN_CONSTANT_CONVERSION = YES;
				CLANG_WARN_DIRECT_OBJC_ISA_USAGE = YES_ERROR;
				CLANG_WARN_EMPTY_BODY = YES;
				CLANG_WARN_ENUM_CONVERSION = YES;
				CLANG_WARN_INT_CONVERSION = YES;
				CLANG_WARN_OBJC_ROOT_CLASS = YES_ERROR;
				CLANG_WARN_UNREACHABLE_CODE = YES;
				CLANG_WARN__DUPLICATE_METHOD_MATCH = YES;
				CODE_SIGN_IDENTITY = "-";
				COPY_PHASE_STRIP = NO;
				DEBUG_INFORMATION_FORMAT = "dwarf-with-dsym";
				ENABLE_NS_ASSERTIONS = NO;
				ENABLE_STRICT_OBJC_MSGSEND = YES;
				GCC_C_LANGUAGE_STANDARD = gnu99;
				GCC_NO_COMMON_BLOCKS = YES;
				GCC_WARN_64_TO_32_BIT_CONVERSION = YES;
				GCC_WARN_ABOUT_RETURN_TYPE = YES_ERROR;
				GCC_WARN_UNDECLARED_SELECTOR = YES;
				GCC_WARN_UNINITIALIZED_AUTOS = YES_AGGRESSIVE;
				GCC_WARN_UNUSED_FUNCTION = YES;
				GCC_WARN_UNUSED_VARIABLE = YES;
				MACOSX_DEPLOYMENT_TARGET = 10.10;
				MTL_ENABLE_DEBUG_INFO = NO;
				SDKROOT = macosx;
			};
			name = Release;
		};
		C2F07E9D1C30753500EA9242 /* Debug */ = {
			isa = XCBuildConfiguration;
			buildSettings = {
				PRODUCT_NAME = "$(TARGET_NAME)";
			};
			name = Debug;
		};
		C2F07E9E1C30753500EA9242 /* Release */ = {
			isa = XCBuildConfiguration;
			buildSettings = {
				PRODUCT_NAME = "$(TARGET_NAME)";
			};
			name = Release;
		};
/* End XCBuildConfiguration section */

/* Begin XCConfigurationList section */
		C2F07E901C30753500EA9242 /* Build configuration list for PBXProject "Valid Anagram" */ = {
			isa = XCConfigurationList;
			buildConfigurations = (
				C2F07E9A1C30753500EA9242 /* Debug */,
				C2F07E9B1C30753500EA9242 /* Release */,
			);
			defaultConfigurationIsVisible = 0;
			defaultConfigurationName = Release;
		};
		C2F07E9C1C30753500EA9242 /* Build configuration list for PBXNativeTarget "Valid Anagram" */ = {
			isa = XCConfigurationList;
			buildConfigurations = (
				C2F07E9D1C30753500EA9242 /* Debug */,
				C2F07E9E1C30753500EA9242 /* Release */,
			);
			defaultConfigurationIsVisible = 0;
		};
/* End XCConfigurationList section */
	};
	rootObject = C2F07E8D1C30753500EA9242 /* Project object */;
}
